
Microsoft Visual Studio Solution File, Format Version 12.00
# Visual Studio Version 16
VisualStudioVersion = 16.0.31205.134
MinimumVisualStudioVersion = 10.0.40219.1
Project("{FAE04EC0-301F-11D3-BF4B-00C04F79EFBC}") = "NugetEfficientTool.Business", "NugetEfficientTool.Bussiness\NugetEfficientTool.Business.csproj", "{3D1123FB-CF18-492C-8B0B-F9970F59497F}"
EndProject
Project("{FAE04EC0-301F-11D3-BF4B-00C04F79EFBC}") = "NugetEfficientTool", "NugetEfficientTool\NugetEfficientTool.csproj", "{A1ED5E88-375C-47BF-BFD1-A1C3676B261E}"
EndProject
Project("{FAE04EC0-301F-11D3-BF4B-00C04F79EFBC}") = "NugetEfficientTool.Resources", "NugetEfficientTool.Resources\NugetEfficientTool.Resources.csproj", "{C0A7F2CD-E5C6-4270-BABA-9A1C03EC11E7}"
EndProject
Project("{9A19103F-16F7-4668-BE54-9A1E7A4F7556}") = "NugetEfficientTool.Utils", "NugetEfficientTool.Utils\NugetEfficientTool.Utils.csproj", "{1AE87A5D-E763-420E-964B-073F60DFE832}"
EndProject
Global
	GlobalSection(SolutionConfigurationPlatforms) = preSolution
		Debug|Any CPU = Debug|Any CPU
		Release|Any CPU = Release|Any CPU
	EndGlobalSection
	GlobalSection(ProjectConfigurationPlatforms) = postSolution
		{3D1123FB-CF18-492C-8B0B-F9970F59497F}.Debug|Any CPU.ActiveCfg = Debug|Any CPU
		{3D1123FB-CF18-492C-8B0B-F9970F59497F}.Debug|Any CPU.Build.0 = Debug|Any CPU
		{3D1123FB-CF18-492C-8B0B-F9970F59497F}.Release|Any CPU.ActiveCfg = Release|Any CPU
		{3D1123FB-CF18-492C-8B0B-F9970F59497F}.Release|Any CPU.Build.0 = Release|Any CPU
		{A1ED5E88-375C-47BF-BFD1-A1C3676B261E}.Debug|Any CPU.ActiveCfg = Debug|Any CPU
		{A1ED5E88-375C-47BF-BFD1-A1C3676B261E}.Debug|Any CPU.Build.0 = Debug|Any CPU
		{A1ED5E88-375C-47BF-BFD1-A1C3676B261E}.Release|Any CPU.ActiveCfg = Release|Any CPU
		{A1ED5E88-375C-47BF-BFD1-A1C3676B261E}.Release|Any CPU.Build.0 = Release|Any CPU
		{C0A7F2CD-E5C6-4270-BABA-9A1C03EC11E7}.Debug|Any CPU.ActiveCfg = Debug|Any CPU
		{C0A7F2CD-E5C6-4270-BABA-9A1C03EC11E7}.Debug|Any CPU.Build.0 = Debug|Any CPU
		{C0A7F2CD-E5C6-4270-BABA-9A1C03EC11E7}.Release|Any CPU.ActiveCfg = Release|Any CPU
		{C0A7F2CD-E5C6-4270-BABA-9A1C03EC11E7}.Release|Any CPU.Build.0 = Release|Any CPU
		{1AE87A5D-E763-420E-964B-073F60DFE832}.Debug|Any CPU.ActiveCfg = Debug|Any CPU
		{1AE87A5D-E763-420E-964B-073F60DFE832}.Debug|Any CPU.Build.0 = Debug|Any CPU
		{1AE87A5D-E763-420E-964B-073F60DFE832}.Release|Any CPU.ActiveCfg = Release|Any CPU
		{1AE87A5D-E763-420E-964B-073F60DFE832}.Release|Any CPU.Build.0 = Release|Any CPU
	EndGlobalSection
	GlobalSection(SolutionProperties) = preSolution
		HideSolutionNode = FALSE
	EndGlobalSection
	GlobalSection(ExtensibilityGlobals) = postSolution
		SolutionGuid = {05815612-FD2D-4E9E-AF57-4F4368EBDA0E}
	EndGlobalSection
EndGlobal
